
Microsoft Visual Studio Solution File, Format Version 12.00
# Visual Studio Version 17
VisualStudioVersion = 17.0.31903.59
MinimumVisualStudioVersion = 10.0.40219.1
Project("{FAE04EC0-301F-11D3-BF4B-00C04F79EFBC}") = "API", "API\API.csproj", "{B8CFDAFE-2A42-4363-B0B3-2B5198C07698}"
EndProject
Project("{FAE04EC0-301F-11D3-BF4B-00C04F79EFBC}") = "Core", "Core\Core.csproj", "{0CFAD3A6-212B-436E-8C73-E2D42AE37CBF}"
EndProject
Project("{FAE04EC0-301F-11D3-BF4B-00C04F79EFBC}") = "Infrastructure", "Infrastructure\Infrastructure.csproj", "{9C1A6461-DA7A-4D0F-AB28-E6BE5975DEFC}"
EndProject
Global
	GlobalSection(SolutionConfigurationPlatforms) = preSolution
		Debug|Any CPU = Debug|Any CPU
		Release|Any CPU = Release|Any CPU
	EndGlobalSection
	GlobalSection(SolutionProperties) = preSolution
		HideSolutionNode = FALSE
	EndGlobalSection
	GlobalSection(ProjectConfigurationPlatforms) = postSolution
		{B8CFDAFE-2A42-4363-B0B3-2B5198C07698}.Debug|Any CPU.ActiveCfg = Debug|Any CPU
		{B8CFDAFE-2A42-4363-B0B3-2B5198C07698}.Debug|Any CPU.Build.0 = Debug|Any CPU
		{B8CFDAFE-2A42-4363-B0B3-2B5198C07698}.Release|Any CPU.ActiveCfg = Release|Any CPU
		{B8CFDAFE-2A42-4363-B0B3-2B5198C07698}.Release|Any CPU.Build.0 = Release|Any CPU
		{0CFAD3A6-212B-436E-8C73-E2D42AE37CBF}.Debug|Any CPU.ActiveCfg = Debug|Any CPU
		{0CFAD3A6-212B-436E-8C73-E2D42AE37CBF}.Debug|Any CPU.Build.0 = Debug|Any CPU
		{0CFAD3A6-212B-436E-8C73-E2D42AE37CBF}.Release|Any CPU.ActiveCfg = Release|Any CPU
		{0CFAD3A6-212B-436E-8C73-E2D42AE37CBF}.Release|Any CPU.Build.0 = Release|Any CPU
		{9C1A6461-DA7A-4D0F-AB28-E6BE5975DEFC}.Debug|Any CPU.ActiveCfg = Debug|Any CPU
		{9C1A6461-DA7A-4D0F-AB28-E6BE5975DEFC}.Debug|Any CPU.Build.0 = Debug|Any CPU
		{9C1A6461-DA7A-4D0F-AB28-E6BE5975DEFC}.Release|Any CPU.ActiveCfg = Release|Any CPU
		{9C1A6461-DA7A-4D0F-AB28-E6BE5975DEFC}.Release|Any CPU.Build.0 = Release|Any CPU
	EndGlobalSection
EndGlobal
